# THIS IS AN AUTOGENERATED FILE. DO NOT EDIT THIS FILE DIRECTLY.
# yarn lockfile v1


angular-animate@1.5.8:
  version "1.5.8"
  resolved "https://registry.yarnpkg.com/angular-animate/-/angular-animate-1.5.8.tgz#535f7369225aba7fb15bf7134c71b15bc635c586"

angular-sanitize@1.5.8:
  version "1.5.8"
  resolved "https://registry.yarnpkg.com/angular-sanitize/-/angular-sanitize-1.5.8.tgz#1832f69487ee820a21cbe30055a8fb1bdf297ab8"

angular@1.5.8:
  version "1.5.8"
  resolved "https://registry.yarnpkg.com/angular/-/angular-1.5.8.tgz#925a5392b8c212d09572dc446db7e01264e094cb"

jquery@>=1.7:
  version "3.1.1"
  resolved "https://registry.yarnpkg.com/jquery/-/jquery-3.1.1.tgz#347c1c21c7e004115e0a4da32cece041fad3c8a3"

ng-office-ui-fabric@0.12.11:
  version "0.12.11"
  resolved "https://registry.yarnpkg.com/ng-office-ui-fabric/-/ng-office-ui-fabric-0.12.11.tgz#7a5fd29f95a133b8a1f9050c498126ba333e3463"
  dependencies:
    angular "1.5.8"
    office-ui-fabric "2.6.2"

office-ui-fabric@2.6.2:
  version "2.6.2"
  resolved "https://registry.yarnpkg.com/office-ui-fabric/-/office-ui-fabric-2.6.2.tgz#794286260185ea80c9ddf1ae01db5ae395a587ce"

pickadate@3.5.6:
  version "3.5.6"
  resolved "https://registry.yarnpkg.com/pickadate/-/pickadate-3.5.6.tgz#c998302343b79a19954fc49c45cc708347602806"
  dependencies:
    jquery ">=1.7"
